// !$*UTF8*$!
{
	archiveVersion = 1;
	classes = {
	};
	objectVersion = 50;
	objects = {

/* Begin PBXBuildFile section */
		D252DC5B23F41A1600B122DC /* AppDelegate.swift in Sources */ = {isa = PBXBuildFile; fileRef = D252DC5A23F41A1600B122DC /* AppDelegate.swift */; };
		D252DC5D23F41A1600B122DC /* SceneDelegate.swift in Sources */ = {isa = PBXBuildFile; fileRef = D252DC5C23F41A1600B122DC /* SceneDelegate.swift */; };
		D252DC5F23F41A1600B122DC /* ViewController.swift in Sources */ = {isa = PBXBuildFile; fileRef = D252DC5E23F41A1600B122DC /* ViewController.swift */; };
		D252DC6223F41A1600B122DC /* Main.storyboard in Resources */ = {isa = PBXBuildFile; fileRef = D252DC6023F41A1600B122DC /* Main.storyboard */; };
		D252DC6423F41A1800B122DC /* Assets.xcassets in Resources */ = {isa = PBXBuildFile; fileRef = D252DC6323F41A1800B122DC /* Assets.xcassets */; };
		D252DC6723F41A1800B122DC /* LaunchScreen.storyboard in Resources */ = {isa = PBXBuildFile; fileRef = D252DC6523F41A1800B122DC /* LaunchScreen.storyboard */; };
		D252DC7623F41ACD00B122DC /* StarWarsWebservice.swift in Sources */ = {isa = PBXBuildFile; fileRef = D252DC7523F41ACD00B122DC /* StarWarsWebservice.swift */; };
		D252DC7A23F41AE500B122DC /* Starship.swift in Sources */ = {isa = PBXBuildFile; fileRef = D252DC7723F41AE500B122DC /* Starship.swift */; };
		D252DC7B23F41AE500B122DC /* Planet.swift in Sources */ = {isa = PBXBuildFile; fileRef = D252DC7823F41AE500B122DC /* Planet.swift */; };
		D252DC7C23F41AE500B122DC /* Character.swift in Sources */ = {isa = PBXBuildFile; fileRef = D252DC7923F41AE500B122DC /* Character.swift */; };
		D252DC7E23F436FA00B122DC /* DetailViewController.swift in Sources */ = {isa = PBXBuildFile; fileRef = D252DC7D23F436FA00B122DC /* DetailViewController.swift */; };
/* End PBXBuildFile section */

/* Begin PBXFileReference section */
		D252DC5723F41A1600B122DC /* StarshipsUIKit.app */ = {isa = PBXFileReference; explicitFileType = wrapper.application; includeInIndex = 0; path = StarshipsUIKit.app; sourceTree = BUILT_PRODUCTS_DIR; };
		D252DC5A23F41A1600B122DC /* AppDelegate.swift */ = {isa = PBXFileReference; lastKnownFileType = sourcecode.swift; path = AppDelegate.swift; sourceTree = "<group>"; };
		D252DC5C23F41A1600B122DC /* SceneDelegate.swift */ = {isa = PBXFileReference; lastKnownFileType = sourcecode.swift; path = SceneDelegate.swift; sourceTree = "<group>"; };
		D252DC5E23F41A1600B122DC /* ViewController.swift */ = {isa = PBXFileReference; lastKnownFileType = sourcecode.swift; path = ViewController.swift; sourceTree = "<group>"; };
		D252DC6123F41A1600B122DC /* Base */ = {isa = PBXFileReference; lastKnownFileType = file.storyboard; name = Base; path = Base.lproj/Main.storyboard; sourceTree = "<group>"; };
		D252DC6323F41A1800B122DC /* Assets.xcassets */ = {isa = PBXFileReference; lastKnownFileType = folder.assetcatalog; path = Assets.xcassets; sourceTree = "<group>"; };
		D252DC6623F41A1800B122DC /* Base */ = {isa = PBXFileReference; lastKnownFileType = file.storyboard; name = Base; path = Base.lproj/LaunchScreen.storyboard; sourceTree = "<group>"; };
		D252DC6823F41A1800B122DC /* Info.plist */ = {isa = PBXFileReference; lastKnownFileType = text.plist.xml; path = Info.plist; sourceTree = "<group>"; };
		D252DC7523F41ACD00B122DC /* StarWarsWebservice.swift */ = {isa = PBXFileReference; fileEncoding = 4; lastKnownFileType = sourcecode.swift; path = StarWarsWebservice.swift; sourceTree = "<group>"; };
		D252DC7723F41AE500B122DC /* Starship.swift */ = {isa = PBXFileReference; fileEncoding = 4; lastKnownFileType = sourcecode.swift; path = Starship.swift; sourceTree = "<group>"; };
		D252DC7823F41AE500B122DC /* Planet.swift */ = {isa = PBXFileReference; fileEncoding = 4; lastKnownFileType = sourcecode.swift; path = Planet.swift; sourceTree = "<group>"; };
		D252DC7923F41AE500B122DC /* Character.swift */ = {isa = PBXFileReference; fileEncoding = 4; lastKnownFileType = sourcecode.swift; path = Character.swift; sourceTree = "<group>"; };
		D252DC7D23F436FA00B122DC /* DetailViewController.swift */ = {isa = PBXFileReference; lastKnownFileType = sourcecode.swift; path = DetailViewController.swift; sourceTree = "<group>"; };
/* End PBXFileReference section */

/* Begin PBXFrameworksBuildPhase section */
		D252DC5423F41A1600B122DC /* Frameworks */ = {
			isa = PBXFrameworksBuildPhase;
			buildActionMask = 2147483647;
			files = (
			);
			runOnlyForDeploymentPostprocessing = 0;
		};
/* End PBXFrameworksBuildPhase section */

/* Begin PBXGroup section */
		D252DC4E23F41A1600B122DC = {
			isa = PBXGroup;
			children = (
				D252DC5923F41A1600B122DC /* Starships */,
				D252DC5823F41A1600B122DC /* Products */,
			);
			sourceTree = "<group>";
		};
		D252DC5823F41A1600B122DC /* Products */ = {
			isa = PBXGroup;
			children = (
				D252DC5723F41A1600B122DC /* StarshipsUIKit.app */,
			);
			name = Products;
			sourceTree = "<group>";
		};
		D252DC5923F41A1600B122DC /* Starships */ = {
			isa = PBXGroup;
			children = (
				D252DC6F23F41A7400B122DC /* Networking */,
				D252DC6E23F41A4400B122DC /* Models */,
				D252DC5A23F41A1600B122DC /* AppDelegate.swift */,
				D252DC5C23F41A1600B122DC /* SceneDelegate.swift */,
				D252DC5E23F41A1600B122DC /* ViewController.swift */,
				D252DC6023F41A1600B122DC /* Main.storyboard */,
				D252DC6323F41A1800B122DC /* Assets.xcassets */,
				D252DC6523F41A1800B122DC /* LaunchScreen.storyboard */,
				D252DC6823F41A1800B122DC /* Info.plist */,
				D252DC7D23F436FA00B122DC /* DetailViewController.swift */,
			);
			path = Starships;
			sourceTree = "<group>";
		};
		D252DC6E23F41A4400B122DC /* Models */ = {
			isa = PBXGroup;
			children = (
				D252DC7923F41AE500B122DC /* Character.swift */,
				D252DC7823F41AE500B122DC /* Planet.swift */,
				D252DC7723F41AE500B122DC /* Starship.swift */,
			);
			path = Models;
			sourceTree = "<group>";
		};
		D252DC6F23F41A7400B122DC /* Networking */ = {
			isa = PBXGroup;
			children = (
				D252DC7523F41ACD00B122DC /* StarWarsWebservice.swift */,
			);
			path = Networking;
			sourceTree = "<group>";
		};
/* End PBXGroup section */

/* Begin PBXNativeTarget section */
		D252DC5623F41A1600B122DC /* StarshipsUIKit */ = {
			isa = PBXNativeTarget;
			buildConfigurationList = D252DC6B23F41A1800B122DC /* Build configuration list for PBXNativeTarget "StarshipsUIKit" */;
			buildPhases = (
				D252DC5323F41A1600B122DC /* Sources */,
				D252DC5423F41A1600B122DC /* Frameworks */,
				D252DC5523F41A1600B122DC /* Resources */,
			);
			buildRules = (
			);
			dependencies = (
			);
			name = StarshipsUIKit;
			productName = "LabelA - UIKit";
			productReference = D252DC5723F41A1600B122DC /* StarshipsUIKit.app */;
			productType = "com.apple.product-type.application";
		};
/* End PBXNativeTarget section */

/* Begin PBXProject section */
		D252DC4F23F41A1600B122DC /* Project object */ = {
			isa = PBXProject;
			attributes = {
				LastSwiftUpdateCheck = 1130;
				LastUpgradeCheck = 1130;
				ORGANIZATIONNAME = "Jordy Wijman";
				TargetAttributes = {
					D252DC5623F41A1600B122DC = {
						CreatedOnToolsVersion = 11.3.1;
					};
				};
			};
			buildConfigurationList = D252DC5223F41A1600B122DC /* Build configuration list for PBXProject "StarshipsUIKit" */;
			compatibilityVersion = "Xcode 9.3";
			developmentRegion = en;
			hasScannedForEncodings = 0;
			knownRegions = (
				en,
				Base,
			);
			mainGroup = D252DC4E23F41A1600B122DC;
			productRefGroup = D252DC5823F41A1600B122DC /* Products */;
			projectDirPath = "";
			projectRoot = "";
			targets = (
				D252DC5623F41A1600B122DC /* StarshipsUIKit */,
			);
		};
/* End PBXProject section */

/* Begin PBXResourcesBuildPhase section */
		D252DC5523F41A1600B122DC /* Resources */ = {
			isa = PBXResourcesBuildPhase;
			buildActionMask = 2147483647;
			files = (
				D252DC6723F41A1800B122DC /* LaunchScreen.storyboard in Resources */,
				D252DC6423F41A1800B122DC /* Assets.xcassets in Resources */,
				D252DC6223F41A1600B122DC /* Main.storyboard in Resources */,
			);
			runOnlyForDeploymentPostprocessing = 0;
		};
/* End PBXResourcesBuildPhase section */

/* Begin PBXSourcesBuildPhase section */
		D252DC5323F41A1600B122DC /* Sources */ = {
			isa = PBXSourcesBuildPhase;
			buildActionMask = 2147483647;
			files = (
				D252DC7C23F41AE500B122DC /* Character.swift in Sources */,
				D252DC7A23F41AE500B122DC /* Starship.swift in Sources */,
				D252DC5F23F41A1600B122DC /* ViewController.swift in Sources */,
				D252DC7B23F41AE500B122DC /* Planet.swift in Sources */,
				D252DC5B23F41A1600B122DC /* AppDelegate.swift in Sources */,
				D252DC7623F41ACD00B122DC /* StarWarsWebservice.swift in Sources */,
				D252DC7E23F436FA00B122DC /* DetailViewController.swift in Sources */,
				D252DC5D23F41A1600B122DC /* SceneDelegate.swift in Sources */,
			);
			runOnlyForDeploymentPostprocessing = 0;
		};
/* End PBXSourcesBuildPhase section */

/* Begin PBXVariantGroup section */
		D252DC6023F41A1600B122DC /* Main.storyboard */ = {
			isa = PBXVariantGroup;
			children = (
				D252DC6123F41A1600B122DC /* Base */,
			);
			name = Main.storyboard;
			sourceTree = "<group>";
		};
		D252DC6523F41A1800B122DC /* LaunchScreen.storyboard */ = {
			isa = PBXVariantGroup;
			children = (
				D252DC6623F41A1800B122DC /* Base */,
			);
			name = LaunchScreen.storyboard;
			sourceTree = "<group>";
		};
/* End PBXVariantGroup section */

/* Begin XCBuildConfiguration section */
		D252DC6923F41A1800B122DC /* Debug */ = {
			isa = XCBuildConfiguration;
			buildSettings = {
				ALWAYS_SEARCH_USER_PATHS = NO;
				CLANG_ANALYZER_NONNULL = YES;
				CLANG_ANALYZER_NUMBER_OBJECT_CONVERSION = YES_AGGRESSIVE;
				CLANG_CXX_LANGUAGE_STANDARD = "gnu++14";
				CLANG_CXX_LIBRARY = "libc++";
				CLANG_ENABLE_MODULES = YES;
				CLANG_ENABLE_OBJC_ARC = YES;
				CLANG_ENABLE_OBJC_WEAK = YES;
				CLANG_WARN_BLOCK_CAPTURE_AUTORELEASING = YES;
				CLANG_WARN_BOOL_CONVERSION = YES;
				CLANG_WARN_COMMA = YES;
				CLANG_WARN_CONSTANT_CONVERSION = YES;
				CLANG_WARN_DEPRECATED_OBJC_IMPLEMENTATIONS = YES;
				CLANG_WARN_DIRECT_OBJC_ISA_USAGE = YES_ERROR;
				CLANG_WARN_DOCUMENTATION_COMMENTS = YES;
				CLANG_WARN_EMPTY_BODY = YES;
				CLANG_WARN_ENUM_CONVERSION = YES;
				CLANG_WARN_INFINITE_RECURSION = YES;
				CLANG_WARN_INT_CONVERSION = YES;
				CLANG_WARN_NON_LITERAL_NULL_CONVERSION = YES;
				CLANG_WARN_OBJC_IMPLICIT_RETAIN_SELF = YES;
				CLANG_WARN_OBJC_LITERAL_CONVERSION = YES;
				CLANG_WARN_OBJC_ROOT_CLASS = YES_ERROR;
				CLANG_WARN_RANGE_LOOP_ANALYSIS = YES;
				CLANG_WARN_STRICT_PROTOTYPES = YES;
				CLANG_WARN_SUSPICIOUS_MOVE = YES;
				CLANG_WARN_UNGUARDED_AVAILABILITY = YES_AGGRESSIVE;
				CLANG_WARN_UNREACHABLE_CODE = YES;
				CLANG_WARN__DUPLICATE_METHOD_MATCH = YES;
				COPY_PHASE_STRIP = NO;
				DEBUG_INFORMATION_FORMAT = dwarf;
				ENABLE_STRICT_OBJC_MSGSEND = YES;
				ENABLE_TESTABILITY = YES;
				GCC_C_LANGUAGE_STANDARD = gnu11;
				GCC_DYNAMIC_NO_PIC = NO;
				GCC_NO_COMMON_BLOCKS = YES;
				GCC_OPTIMIZATION_LEVEL = 0;
				GCC_PREPROCESSOR_DEFINITIONS = (
					"DEBUG=1",
					"$(inherited)",
				);
				GCC_WARN_64_TO_32_BIT_CONVERSION = YES;
				GCC_WARN_ABOUT_RETURN_TYPE = YES_ERROR;
				GCC_WARN_UNDECLARED_SELECTOR = YES;
				GCC_WARN_UNINITIALIZED_AUTOS = YES_AGGRESSIVE;
				GCC_WARN_UNUSED_FUNCTION = YES;
				GCC_WARN_UNUSED_VARIABLE = YES;
				IPHONEOS_DEPLOYMENT_TARGET = 13.2;
				MTL_ENABLE_DEBUG_INFO = INCLUDE_SOURCE;
				MTL_FAST_MATH = YES;
				ONLY_ACTIVE_ARCH = YES;
				SDKROOT = iphoneos;
				SWIFT_ACTIVE_COMPILATION_CONDITIONS = DEBUG;
				SWIFT_OPTIMIZATION_LEVEL = "-Onone";
			};
			name = Debug;
		};
		D252DC6A23F41A1800B122DC /* Release */ = {
			isa = XCBuildConfiguration;
			buildSettings = {
				ALWAYS_SEARCH_USER_PATHS = NO;
				CLANG_ANALYZER_NONNULL = YES;
				CLANG_ANALYZER_NUMBER_OBJECT_CONVERSION = YES_AGGRESSIVE;
				CLANG_CXX_LANGUAGE_STANDARD = "gnu++14";
				CLANG_CXX_LIBRARY = "libc++";
				CLANG_ENABLE_MODULES = YES;
				CLANG_ENABLE_OBJC_ARC = YES;
				CLANG_ENABLE_OBJC_WEAK = YES;
				CLANG_WARN_BLOCK_CAPTURE_AUTORELEASING = YES;
				CLANG_WARN_BOOL_CONVERSION = YES;
				CLANG_WARN_COMMA = YES;
				CLANG_WARN_CONSTANT_CONVERSION = YES;
				CLANG_WARN_DEPRECATED_OBJC_IMPLEMENTATIONS = YES;
				CLANG_WARN_DIRECT_OBJC_ISA_USAGE = YES_ERROR;
				CLANG_WARN_DOCUMENTATION_COMMENTS = YES;
				CLANG_WARN_EMPTY_BODY = YES;
				CLANG_WARN_ENUM_CONVERSION = YES;
				CLANG_WARN_INFINITE_RECURSION = YES;
				CLANG_WARN_INT_CONVERSION = YES;
				CLANG_WARN_NON_LITERAL_NULL_CONVERSION = YES;
				CLANG_WARN_OBJC_IMPLICIT_RETAIN_SELF = YES;
				CLANG_WARN_OBJC_LITERAL_CONVERSION = YES;
				CLANG_WARN_OBJC_ROOT_CLASS = YES_ERROR;
				CLANG_WARN_RANGE_LOOP_ANALYSIS = YES;
				CLANG_WARN_STRICT_PROTOTYPES = YES;
				CLANG_WARN_SUSPICIOUS_MOVE = YES;
				CLANG_WARN_UNGUARDED_AVAILABILITY = YES_AGGRESSIVE;
				CLANG_WARN_UNREACHABLE_CODE = YES;
				CLANG_WARN__DUPLICATE_METHOD_MATCH = YES;
				COPY_PHASE_STRIP = NO;
				DEBUG_INFORMATION_FORMAT = "dwarf-with-dsym";
				ENABLE_NS_ASSERTIONS = NO;
				ENABLE_STRICT_OBJC_MSGSEND = YES;
				GCC_C_LANGUAGE_STANDARD = gnu11;
				GCC_NO_COMMON_BLOCKS = YES;
				GCC_WARN_64_TO_32_BIT_CONVERSION = YES;
				GCC_WARN_ABOUT_RETURN_TYPE = YES_ERROR;
				GCC_WARN_UNDECLARED_SELECTOR = YES;
				GCC_WARN_UNINITIALIZED_AUTOS = YES_AGGRESSIVE;
				GCC_WARN_UNUSED_FUNCTION = YES;
				GCC_WARN_UNUSED_VARIABLE = YES;
				IPHONEOS_DEPLOYMENT_TARGET = 13.2;
				MTL_ENABLE_DEBUG_INFO = NO;
				MTL_FAST_MATH = YES;
				SDKROOT = iphoneos;
				SWIFT_COMPILATION_MODE = wholemodule;
				SWIFT_OPTIMIZATION_LEVEL = "-O";
				VALIDATE_PRODUCT = YES;
			};
			name = Release;
		};
		D252DC6C23F41A1800B122DC /* Debug */ = {
			isa = XCBuildConfiguration;
			buildSettings = {
				ASSETCATALOG_COMPILER_APPICON_NAME = AppIcon;
				CODE_SIGN_STYLE = Automatic;
				DEVELOPMENT_TEAM = D2DK39APT9;
				INFOPLIST_FILE = Starships/Info.plist;
				LD_RUNPATH_SEARCH_PATHS = (
					"$(inherited)",
					"@executable_path/Frameworks",
				);
				PRODUCT_BUNDLE_IDENTIFIER = nl.jordywijman.starships.uikit;
				PRODUCT_NAME = "$(TARGET_NAME)";
				SWIFT_VERSION = 5.0;
				TARGETED_DEVICE_FAMILY = "1,2";
			};
			name = Debug;
		};
		D252DC6D23F41A1800B122DC /* Release */ = {
			isa = XCBuildConfiguration;
			buildSettings = {
				ASSETCATALOG_COMPILER_APPICON_NAME = AppIcon;
				CODE_SIGN_STYLE = Automatic;
				DEVELOPMENT_TEAM = D2DK39APT9;
				INFOPLIST_FILE = Starships/Info.plist;
				LD_RUNPATH_SEARCH_PATHS = (
					"$(inherited)",
					"@executable_path/Frameworks",
				);
				PRODUCT_BUNDLE_IDENTIFIER = nl.jordywijman.starships.uikit;
				PRODUCT_NAME = "$(TARGET_NAME)";
				SWIFT_VERSION = 5.0;
				TARGETED_DEVICE_FAMILY = "1,2";
			};
			name = Release;
		};
/* End XCBuildConfiguration section */

/* Begin XCConfigurationList section */
		D252DC5223F41A1600B122DC /* Build configuration list for PBXProject "StarshipsUIKit" */ = {
			isa = XCConfigurationList;
			buildConfigurations = (
				D252DC6923F41A1800B122DC /* Debug */,
				D252DC6A23F41A1800B122DC /* Release */,
			);
			defaultConfigurationIsVisible = 0;
			defaultConfigurationName = Release;
		};
		D252DC6B23F41A1800B122DC /* Build configuration list for PBXNativeTarget "StarshipsUIKit" */ = {
			isa = XCConfigurationList;
			buildConfigurations = (
				D252DC6C23F41A1800B122DC /* Debug */,
				D252DC6D23F41A1800B122DC /* Release */,
			);
			defaultConfigurationIsVisible = 0;
			defaultConfigurationName = Release;
		};
/* End XCConfigurationList section */
	};
	rootObject = D252DC4F23F41A1600B122DC /* Project object */;
}
